// !$*UTF8*$!
{
	archiveVersion = 1;
	classes = {
	};
	objectVersion = 51;
	objects = {

/* Begin PBXBuildFile section */
		8ADE0F6C938C62428BBAC257 /* Pods_FBUOriginalAppTests.framework in Frameworks */ = {isa = PBXBuildFile; fileRef = DC0B7B4630C79D64309DECA7 /* Pods_FBUOriginalAppTests.framework */; };
		9782A941F906F5487E5E7C03 /* Pods_FBUOriginalApp_FBUOriginalAppUITests.framework in Frameworks */ = {isa = PBXBuildFile; fileRef = F5A1FBDF497959AB770B88A6 /* Pods_FBUOriginalApp_FBUOriginalAppUITests.framework */; };
		994D8A601720A034AFD160B2 /* Pods_FBUOriginalApp.framework in Frameworks */ = {isa = PBXBuildFile; fileRef = 3D92B9053C1B5778E9E7F2F2 /* Pods_FBUOriginalApp.framework */; };
		AA27A349269F350600CF2BC5 /* Post.m in Sources */ = {isa = PBXBuildFile; fileRef = AA27A348269F350600CF2BC5 /* Post.m */; };
		AA27A34F269F8B5100CF2BC5 /* Topic.m in Sources */ = {isa = PBXBuildFile; fileRef = AA27A34E269F8B5100CF2BC5 /* Topic.m */; };
		AA57D1DE26A879C3004A2E55 /* MatchingHelper.m in Sources */ = {isa = PBXBuildFile; fileRef = AA57D1DD26A879C3004A2E55 /* MatchingHelper.m */; };
		AA7C9AF726BAEBDF008B9C99 /* UserListViewController.m in Sources */ = {isa = PBXBuildFile; fileRef = AA7C9AF626BAEBDF008B9C99 /* UserListViewController.m */; };
		AA7C9AFA26BAEBEE008B9C99 /* UserListView.m in Sources */ = {isa = PBXBuildFile; fileRef = AA7C9AF926BAEBEE008B9C99 /* UserListView.m */; };
		AA7C9AFD26BB1AC6008B9C99 /* UserListCell.m in Sources */ = {isa = PBXBuildFile; fileRef = AA7C9AFC26BB1AC6008B9C99 /* UserListCell.m */; };
		AA7C9B0026BB37F2008B9C99 /* TopicViewController.m in Sources */ = {isa = PBXBuildFile; fileRef = AA7C9AFF26BB37F2008B9C99 /* TopicViewController.m */; };
		AA7C9B0326BB3801008B9C99 /* TopicView.m in Sources */ = {isa = PBXBuildFile; fileRef = AA7C9B0226BB3801008B9C99 /* TopicView.m */; };
		AA7C9B0626BB3FC2008B9C99 /* TopicPostCell.m in Sources */ = {isa = PBXBuildFile; fileRef = AA7C9B0526BB3FC2008B9C99 /* TopicPostCell.m */; };
		AA9D262926B3050E00532061 /* DetailView.m in Sources */ = {isa = PBXBuildFile; fileRef = AA9D262826B3050E00532061 /* DetailView.m */; };
		AA9D262C26B3051C00532061 /* DetailViewController.m in Sources */ = {isa = PBXBuildFile; fileRef = AA9D262B26B3051C00532061 /* DetailViewController.m */; };
		AA9D262F26B35CBF00532061 /* CommentCell.m in Sources */ = {isa = PBXBuildFile; fileRef = AA9D262E26B35CBF00532061 /* CommentCell.m */; };
		AACE3BC3269C7ECB006699A6 /* AppDelegate.m in Sources */ = {isa = PBXBuildFile; fileRef = AACE3BC2269C7ECB006699A6 /* AppDelegate.m */; };
		AACE3BC6269C7ECB006699A6 /* SceneDelegate.m in Sources */ = {isa = PBXBuildFile; fileRef = AACE3BC5269C7ECB006699A6 /* SceneDelegate.m */; };
		AACE3BCC269C7ECB006699A6 /* Main.storyboard in Resources */ = {isa = PBXBuildFile; fileRef = AACE3BCA269C7ECB006699A6 /* Main.storyboard */; };
		AACE3BCE269C7ECC006699A6 /* Assets.xcassets in Resources */ = {isa = PBXBuildFile; fileRef = AACE3BCD269C7ECC006699A6 /* Assets.xcassets */; };
		AACE3BD1269C7ECC006699A6 /* LaunchScreen.storyboard in Resources */ = {isa = PBXBuildFile; fileRef = AACE3BCF269C7ECC006699A6 /* LaunchScreen.storyboard */; };
		AACE3BD4269C7ECC006699A6 /* main.m in Sources */ = {isa = PBXBuildFile; fileRef = AACE3BD3269C7ECC006699A6 /* main.m */; };
		AACE3BDE269C7ECC006699A6 /* FBUOriginalAppTests.m in Sources */ = {isa = PBXBuildFile; fileRef = AACE3BDD269C7ECC006699A6 /* FBUOriginalAppTests.m */; };
		AACE3BE9269C7ECC006699A6 /* FBUOriginalAppUITests.m in Sources */ = {isa = PBXBuildFile; fileRef = AACE3BE8269C7ECC006699A6 /* FBUOriginalAppUITests.m */; };
		AACE3BFB269CADF4006699A6 /* LoginViewController.m in Sources */ = {isa = PBXBuildFile; fileRef = AACE3BFA269CADF4006699A6 /* LoginViewController.m */; };
		AACE3BFE269CAE00006699A6 /* SignupViewController.m in Sources */ = {isa = PBXBuildFile; fileRef = AACE3BFD269CAE00006699A6 /* SignupViewController.m */; };
		AACE3C01269CAE0B006699A6 /* FeedViewController.m in Sources */ = {isa = PBXBuildFile; fileRef = AACE3C00269CAE0B006699A6 /* FeedViewController.m */; };
		AACE3C07269CAE1E006699A6 /* ProfileViewController.m in Sources */ = {isa = PBXBuildFile; fileRef = AACE3C06269CAE1E006699A6 /* ProfileViewController.m */; };
		AACE3C0A269CAE33006699A6 /* UserSearchViewController.m in Sources */ = {isa = PBXBuildFile; fileRef = AACE3C09269CAE33006699A6 /* UserSearchViewController.m */; };
		AACE3C0D269CAE39006699A6 /* CreatePostViewController.m in Sources */ = {isa = PBXBuildFile; fileRef = AACE3C0C269CAE39006699A6 /* CreatePostViewController.m */; };
		AACE3C10269CAE78006699A6 /* SpotifySearchViewController.m in Sources */ = {isa = PBXBuildFile; fileRef = AACE3C0F269CAE78006699A6 /* SpotifySearchViewController.m */; };
		AACE3C13269CAF9C006699A6 /* LoginView.m in Sources */ = {isa = PBXBuildFile; fileRef = AACE3C12269CAF9C006699A6 /* LoginView.m */; };
		AACE3C16269CAFA4006699A6 /* SignupView.m in Sources */ = {isa = PBXBuildFile; fileRef = AACE3C15269CAFA4006699A6 /* SignupView.m */; };
		AACE3C19269CAFAA006699A6 /* FeedView.m in Sources */ = {isa = PBXBuildFile; fileRef = AACE3C18269CAFAA006699A6 /* FeedView.m */; };
		AACE3C1C269CAFB5006699A6 /* UserSearchView.m in Sources */ = {isa = PBXBuildFile; fileRef = AACE3C1B269CAFB5006699A6 /* UserSearchView.m */; };
		AACE3C1F269CAFBB006699A6 /* ProfileView.m in Sources */ = {isa = PBXBuildFile; fileRef = AACE3C1E269CAFBB006699A6 /* ProfileView.m */; };
		AACE3C22269CAFC1006699A6 /* CreatePostView.m in Sources */ = {isa = PBXBuildFile; fileRef = AACE3C21269CAFC1006699A6 /* CreatePostView.m */; };
		AACE3C25269CAFCC006699A6 /* SpotifySearchView.m in Sources */ = {isa = PBXBuildFile; fileRef = AACE3C24269CAFCC006699A6 /* SpotifySearchView.m */; };
		AACE3C28269CDB45006699A6 /* SpotifyCell.m in Sources */ = {isa = PBXBuildFile; fileRef = AACE3C27269CDB45006699A6 /* SpotifyCell.m */; };
		AACE3C2B269CDBB0006699A6 /* UserCell.m in Sources */ = {isa = PBXBuildFile; fileRef = AACE3C2A269CDBB0006699A6 /* UserCell.m */; };
		AACE3C2E269CE1D7006699A6 /* PostCell.m in Sources */ = {isa = PBXBuildFile; fileRef = AACE3C2D269CE1D7006699A6 /* PostCell.m */; };
		AACE3C30269CF0D1006699A6 /* Keys.plist in Resources */ = {isa = PBXBuildFile; fileRef = AACE3C2F269CF0D1006699A6 /* Keys.plist */; };
		AACE3C35269E074F006699A6 /* APIManager.m in Sources */ = {isa = PBXBuildFile; fileRef = AACE3C34269E074F006699A6 /* APIManager.m */; };
		AACE3C38269E088A006699A6 /* SpotifyLoginViewController.m in Sources */ = {isa = PBXBuildFile; fileRef = AACE3C37269E088A006699A6 /* SpotifyLoginViewController.m */; };
		AACE3C3A269E08D7006699A6 /* WebKit.framework in Frameworks */ = {isa = PBXBuildFile; fileRef = AACE3C39269E08D7006699A6 /* WebKit.framework */; };
		AACE3C3D269E0B62006699A6 /* SpotifyLoginView.m in Sources */ = {isa = PBXBuildFile; fileRef = AACE3C3C269E0B62006699A6 /* SpotifyLoginView.m */; };
/* End PBXBuildFile section */

/* Begin PBXContainerItemProxy section */
		AACE3BDA269C7ECC006699A6 /* PBXContainerItemProxy */ = {
			isa = PBXContainerItemProxy;
			containerPortal = AACE3BB6269C7ECA006699A6 /* Project object */;
			proxyType = 1;
			remoteGlobalIDString = AACE3BBD269C7ECA006699A6;
			remoteInfo = FBUOriginalApp;
		};
		AACE3BE5269C7ECC006699A6 /* PBXContainerItemProxy */ = {
			isa = PBXContainerItemProxy;
			containerPortal = AACE3BB6269C7ECA006699A6 /* Project object */;
			proxyType = 1;
			remoteGlobalIDString = AACE3BBD269C7ECA006699A6;
			remoteInfo = FBUOriginalApp;
		};
/* End PBXContainerItemProxy section */

/* Begin PBXFileReference section */
		14F9F1CF1156E2E7589307A7 /* Pods-FBUOriginalAppTests.release.xcconfig */ = {isa = PBXFileReference; includeInIndex = 1; lastKnownFileType = text.xcconfig; name = "Pods-FBUOriginalAppTests.release.xcconfig"; path = "Target Support Files/Pods-FBUOriginalAppTests/Pods-FBUOriginalAppTests.release.xcconfig"; sourceTree = "<group>"; };
		212DBCA295AEFB8334289803 /* Pods-FBUOriginalAppTests.debug.xcconfig */ = {isa = PBXFileReference; includeInIndex = 1; lastKnownFileType = text.xcconfig; name = "Pods-FBUOriginalAppTests.debug.xcconfig"; path = "Target Support Files/Pods-FBUOriginalAppTests/Pods-FBUOriginalAppTests.debug.xcconfig"; sourceTree = "<group>"; };
		3D92B9053C1B5778E9E7F2F2 /* Pods_FBUOriginalApp.framework */ = {isa = PBXFileReference; explicitFileType = wrapper.framework; includeInIndex = 0; path = Pods_FBUOriginalApp.framework; sourceTree = BUILT_PRODUCTS_DIR; };
		440D38969DDAE557A1BD50FA /* Pods-FBUOriginalApp.debug.xcconfig */ = {isa = PBXFileReference; includeInIndex = 1; lastKnownFileType = text.xcconfig; name = "Pods-FBUOriginalApp.debug.xcconfig"; path = "Target Support Files/Pods-FBUOriginalApp/Pods-FBUOriginalApp.debug.xcconfig"; sourceTree = "<group>"; };
		68A040812F29B15A12B7A1FB /* Pods-FBUOriginalApp.release.xcconfig */ = {isa = PBXFileReference; includeInIndex = 1; lastKnownFileType = text.xcconfig; name = "Pods-FBUOriginalApp.release.xcconfig"; path = "Target Support Files/Pods-FBUOriginalApp/Pods-FBUOriginalApp.release.xcconfig"; sourceTree = "<group>"; };
		77238B195911A5271A821630 /* Pods-FBUOriginalApp-FBUOriginalAppUITests.debug.xcconfig */ = {isa = PBXFileReference; includeInIndex = 1; lastKnownFileType = text.xcconfig; name = "Pods-FBUOriginalApp-FBUOriginalAppUITests.debug.xcconfig"; path = "Target Support Files/Pods-FBUOriginalApp-FBUOriginalAppUITests/Pods-FBUOriginalApp-FBUOriginalAppUITests.debug.xcconfig"; sourceTree = "<group>"; };
		AA27A347269F350600CF2BC5 /* Post.h */ = {isa = PBXFileReference; lastKnownFileType = sourcecode.c.h; path = Post.h; sourceTree = "<group>"; };
		AA27A348269F350600CF2BC5 /* Post.m */ = {isa = PBXFileReference; lastKnownFileType = sourcecode.c.objc; path = Post.m; sourceTree = "<group>"; };
		AA27A34D269F8B5100CF2BC5 /* Topic.h */ = {isa = PBXFileReference; lastKnownFileType = sourcecode.c.h; path = Topic.h; sourceTree = "<group>"; };
		AA27A34E269F8B5100CF2BC5 /* Topic.m */ = {isa = PBXFileReference; lastKnownFileType = sourcecode.c.objc; path = Topic.m; sourceTree = "<group>"; };
		AA57D1DC26A879C3004A2E55 /* MatchingHelper.h */ = {isa = PBXFileReference; lastKnownFileType = sourcecode.c.h; path = MatchingHelper.h; sourceTree = "<group>"; };
		AA57D1DD26A879C3004A2E55 /* MatchingHelper.m */ = {isa = PBXFileReference; lastKnownFileType = sourcecode.c.objc; path = MatchingHelper.m; sourceTree = "<group>"; };
		AA7C9AF526BAEBDF008B9C99 /* UserListViewController.h */ = {isa = PBXFileReference; lastKnownFileType = sourcecode.c.h; path = UserListViewController.h; sourceTree = "<group>"; };
		AA7C9AF626BAEBDF008B9C99 /* UserListViewController.m */ = {isa = PBXFileReference; lastKnownFileType = sourcecode.c.objc; path = UserListViewController.m; sourceTree = "<group>"; };
		AA7C9AF826BAEBEE008B9C99 /* UserListView.h */ = {isa = PBXFileReference; lastKnownFileType = sourcecode.c.h; path = UserListView.h; sourceTree = "<group>"; };
		AA7C9AF926BAEBEE008B9C99 /* UserListView.m */ = {isa = PBXFileReference; lastKnownFileType = sourcecode.c.objc; path = UserListView.m; sourceTree = "<group>"; };
		AA7C9AFB26BB1AC6008B9C99 /* UserListCell.h */ = {isa = PBXFileReference; lastKnownFileType = sourcecode.c.h; path = UserListCell.h; sourceTree = "<group>"; };
		AA7C9AFC26BB1AC6008B9C99 /* UserListCell.m */ = {isa = PBXFileReference; lastKnownFileType = sourcecode.c.objc; path = UserListCell.m; sourceTree = "<group>"; };
		AA7C9AFE26BB37F2008B9C99 /* TopicViewController.h */ = {isa = PBXFileReference; lastKnownFileType = sourcecode.c.h; path = TopicViewController.h; sourceTree = "<group>"; };
		AA7C9AFF26BB37F2008B9C99 /* TopicViewController.m */ = {isa = PBXFileReference; lastKnownFileType = sourcecode.c.objc; path = TopicViewController.m; sourceTree = "<group>"; };
		AA7C9B0126BB3801008B9C99 /* TopicView.h */ = {isa = PBXFileReference; lastKnownFileType = sourcecode.c.h; path = TopicView.h; sourceTree = "<group>"; };
		AA7C9B0226BB3801008B9C99 /* TopicView.m */ = {isa = PBXFileReference; lastKnownFileType = sourcecode.c.objc; path = TopicView.m; sourceTree = "<group>"; };
		AA7C9B0426BB3FC2008B9C99 /* TopicPostCell.h */ = {isa = PBXFileReference; lastKnownFileType = sourcecode.c.h; path = TopicPostCell.h; sourceTree = "<group>"; };
		AA7C9B0526BB3FC2008B9C99 /* TopicPostCell.m */ = {isa = PBXFileReference; lastKnownFileType = sourcecode.c.objc; path = TopicPostCell.m; sourceTree = "<group>"; };
		AA9D262726B3050E00532061 /* DetailView.h */ = {isa = PBXFileReference; lastKnownFileType = sourcecode.c.h; path = DetailView.h; sourceTree = "<group>"; };
		AA9D262826B3050E00532061 /* DetailView.m */ = {isa = PBXFileReference; lastKnownFileType = sourcecode.c.objc; path = DetailView.m; sourceTree = "<group>"; };
		AA9D262A26B3051C00532061 /* DetailViewController.h */ = {isa = PBXFileReference; lastKnownFileType = sourcecode.c.h; path = DetailViewController.h; sourceTree = "<group>"; };
		AA9D262B26B3051C00532061 /* DetailViewController.m */ = {isa = PBXFileReference; lastKnownFileType = sourcecode.c.objc; path = DetailViewController.m; sourceTree = "<group>"; };
		AA9D262D26B35CBF00532061 /* CommentCell.h */ = {isa = PBXFileReference; lastKnownFileType = sourcecode.c.h; path = CommentCell.h; sourceTree = "<group>"; };
		AA9D262E26B35CBF00532061 /* CommentCell.m */ = {isa = PBXFileReference; lastKnownFileType = sourcecode.c.objc; path = CommentCell.m; sourceTree = "<group>"; };
		AACE3BBE269C7ECB006699A6 /* FBUOriginalApp.app */ = {isa = PBXFileReference; explicitFileType = wrapper.application; includeInIndex = 0; path = FBUOriginalApp.app; sourceTree = BUILT_PRODUCTS_DIR; };
		AACE3BC1269C7ECB006699A6 /* AppDelegate.h */ = {isa = PBXFileReference; lastKnownFileType = sourcecode.c.h; path = AppDelegate.h; sourceTree = "<group>"; };
		AACE3BC2269C7ECB006699A6 /* AppDelegate.m */ = {isa = PBXFileReference; lastKnownFileType = sourcecode.c.objc; path = AppDelegate.m; sourceTree = "<group>"; };
		AACE3BC4269C7ECB006699A6 /* SceneDelegate.h */ = {isa = PBXFileReference; lastKnownFileType = sourcecode.c.h; path = SceneDelegate.h; sourceTree = "<group>"; };
		AACE3BC5269C7ECB006699A6 /* SceneDelegate.m */ = {isa = PBXFileReference; lastKnownFileType = sourcecode.c.objc; path = SceneDelegate.m; sourceTree = "<group>"; };
		AACE3BCB269C7ECB006699A6 /* Base */ = {isa = PBXFileReference; lastKnownFileType = file.storyboard; name = Base; path = Base.lproj/Main.storyboard; sourceTree = "<group>"; };
		AACE3BCD269C7ECC006699A6 /* Assets.xcassets */ = {isa = PBXFileReference; lastKnownFileType = folder.assetcatalog; path = Assets.xcassets; sourceTree = "<group>"; };
		AACE3BD0269C7ECC006699A6 /* Base */ = {isa = PBXFileReference; lastKnownFileType = file.storyboard; name = Base; path = Base.lproj/LaunchScreen.storyboard; sourceTree = "<group>"; };
		AACE3BD2269C7ECC006699A6 /* Info.plist */ = {isa = PBXFileReference; lastKnownFileType = text.plist.xml; path = Info.plist; sourceTree = "<group>"; };
		AACE3BD3269C7ECC006699A6 /* main.m */ = {isa = PBXFileReference; lastKnownFileType = sourcecode.c.objc; path = main.m; sourceTree = "<group>"; };
		AACE3BD9269C7ECC006699A6 /* FBUOriginalAppTests.xctest */ = {isa = PBXFileReference; explicitFileType = wrapper.cfbundle; includeInIndex = 0; path = FBUOriginalAppTests.xctest; sourceTree = BUILT_PRODUCTS_DIR; };
		AACE3BDD269C7ECC006699A6 /* FBUOriginalAppTests.m */ = {isa = PBXFileReference; lastKnownFileType = sourcecode.c.objc; path = FBUOriginalAppTests.m; sourceTree = "<group>"; };
		AACE3BDF269C7ECC006699A6 /* Info.plist */ = {isa = PBXFileReference; lastKnownFileType = text.plist.xml; path = Info.plist; sourceTree = "<group>"; };
		AACE3BE4269C7ECC006699A6 /* FBUOriginalAppUITests.xctest */ = {isa = PBXFileReference; explicitFileType = wrapper.cfbundle; includeInIndex = 0; path = FBUOriginalAppUITests.xctest; sourceTree = BUILT_PRODUCTS_DIR; };
		AACE3BE8269C7ECC006699A6 /* FBUOriginalAppUITests.m */ = {isa = PBXFileReference; lastKnownFileType = sourcecode.c.objc; path = FBUOriginalAppUITests.m; sourceTree = "<group>"; };
		AACE3BEA269C7ECC006699A6 /* Info.plist */ = {isa = PBXFileReference; lastKnownFileType = text.plist.xml; path = Info.plist; sourceTree = "<group>"; };
		AACE3BF9269CADF4006699A6 /* LoginViewController.h */ = {isa = PBXFileReference; lastKnownFileType = sourcecode.c.h; path = LoginViewController.h; sourceTree = "<group>"; };
		AACE3BFA269CADF4006699A6 /* LoginViewController.m */ = {isa = PBXFileReference; lastKnownFileType = sourcecode.c.objc; path = LoginViewController.m; sourceTree = "<group>"; };
		AACE3BFC269CAE00006699A6 /* SignupViewController.h */ = {isa = PBXFileReference; lastKnownFileType = sourcecode.c.h; path = SignupViewController.h; sourceTree = "<group>"; };
		AACE3BFD269CAE00006699A6 /* SignupViewController.m */ = {isa = PBXFileReference; lastKnownFileType = sourcecode.c.objc; path = SignupViewController.m; sourceTree = "<group>"; };
		AACE3BFF269CAE0B006699A6 /* FeedViewController.h */ = {isa = PBXFileReference; lastKnownFileType = sourcecode.c.h; path = FeedViewController.h; sourceTree = "<group>"; };
		AACE3C00269CAE0B006699A6 /* FeedViewController.m */ = {isa = PBXFileReference; lastKnownFileType = sourcecode.c.objc; path = FeedViewController.m; sourceTree = "<group>"; };
		AACE3C05269CAE1E006699A6 /* ProfileViewController.h */ = {isa = PBXFileReference; lastKnownFileType = sourcecode.c.h; path = ProfileViewController.h; sourceTree = "<group>"; };
		AACE3C06269CAE1E006699A6 /* ProfileViewController.m */ = {isa = PBXFileReference; lastKnownFileType = sourcecode.c.objc; path = ProfileViewController.m; sourceTree = "<group>"; };
		AACE3C08269CAE33006699A6 /* UserSearchViewController.h */ = {isa = PBXFileReference; lastKnownFileType = sourcecode.c.h; path = UserSearchViewController.h; sourceTree = "<group>"; };
		AACE3C09269CAE33006699A6 /* UserSearchViewController.m */ = {isa = PBXFileReference; lastKnownFileType = sourcecode.c.objc; path = UserSearchViewController.m; sourceTree = "<group>"; };
		AACE3C0B269CAE39006699A6 /* CreatePostViewController.h */ = {isa = PBXFileReference; lastKnownFileType = sourcecode.c.h; path = CreatePostViewController.h; sourceTree = "<group>"; };
		AACE3C0C269CAE39006699A6 /* CreatePostViewController.m */ = {isa = PBXFileReference; lastKnownFileType = sourcecode.c.objc; path = CreatePostViewController.m; sourceTree = "<group>"; };
		AACE3C0E269CAE78006699A6 /* SpotifySearchViewController.h */ = {isa = PBXFileReference; lastKnownFileType = sourcecode.c.h; path = SpotifySearchViewController.h; sourceTree = "<group>"; };
		AACE3C0F269CAE78006699A6 /* SpotifySearchViewController.m */ = {isa = PBXFileReference; lastKnownFileType = sourcecode.c.objc; path = SpotifySearchViewController.m; sourceTree = "<group>"; };
		AACE3C11269CAF9C006699A6 /* LoginView.h */ = {isa = PBXFileReference; lastKnownFileType = sourcecode.c.h; path = LoginView.h; sourceTree = "<group>"; };
		AACE3C12269CAF9C006699A6 /* LoginView.m */ = {isa = PBXFileReference; lastKnownFileType = sourcecode.c.objc; path = LoginView.m; sourceTree = "<group>"; };
		AACE3C14269CAFA4006699A6 /* SignupView.h */ = {isa = PBXFileReference; lastKnownFileType = sourcecode.c.h; path = SignupView.h; sourceTree = "<group>"; };
		AACE3C15269CAFA4006699A6 /* SignupView.m */ = {isa = PBXFileReference; lastKnownFileType = sourcecode.c.objc; path = SignupView.m; sourceTree = "<group>"; };
		AACE3C17269CAFAA006699A6 /* FeedView.h */ = {isa = PBXFileReference; lastKnownFileType = sourcecode.c.h; path = FeedView.h; sourceTree = "<group>"; };
		AACE3C18269CAFAA006699A6 /* FeedView.m */ = {isa = PBXFileReference; lastKnownFileType = sourcecode.c.objc; path = FeedView.m; sourceTree = "<group>"; };
		AACE3C1A269CAFB5006699A6 /* UserSearchView.h */ = {isa = PBXFileReference; lastKnownFileType = sourcecode.c.h; path = UserSearchView.h; sourceTree = "<group>"; };
		AACE3C1B269CAFB5006699A6 /* UserSearchView.m */ = {isa = PBXFileReference; lastKnownFileType = sourcecode.c.objc; path = UserSearchView.m; sourceTree = "<group>"; };
		AACE3C1D269CAFBB006699A6 /* ProfileView.h */ = {isa = PBXFileReference; lastKnownFileType = sourcecode.c.h; path = ProfileView.h; sourceTree = "<group>"; };
		AACE3C1E269CAFBB006699A6 /* ProfileView.m */ = {isa = PBXFileReference; lastKnownFileType = sourcecode.c.objc; path = ProfileView.m; sourceTree = "<group>"; };
		AACE3C20269CAFC1006699A6 /* CreatePostView.h */ = {isa = PBXFileReference; lastKnownFileType = sourcecode.c.h; path = CreatePostView.h; sourceTree = "<group>"; };
		AACE3C21269CAFC1006699A6 /* CreatePostView.m */ = {isa = PBXFileReference; lastKnownFileType = sourcecode.c.objc; path = CreatePostView.m; sourceTree = "<group>"; };
		AACE3C23269CAFCC006699A6 /* SpotifySearchView.h */ = {isa = PBXFileReference; lastKnownFileType = sourcecode.c.h; path = SpotifySearchView.h; sourceTree = "<group>"; };
		AACE3C24269CAFCC006699A6 /* SpotifySearchView.m */ = {isa = PBXFileReference; lastKnownFileType = sourcecode.c.objc; path = SpotifySearchView.m; sourceTree = "<group>"; };
		AACE3C26269CDB45006699A6 /* SpotifyCell.h */ = {isa = PBXFileReference; lastKnownFileType = sourcecode.c.h; path = SpotifyCell.h; sourceTree = "<group>"; };
		AACE3C27269CDB45006699A6 /* SpotifyCell.m */ = {isa = PBXFileReference; lastKnownFileType = sourcecode.c.objc; path = SpotifyCell.m; sourceTree = "<group>"; };
		AACE3C29269CDBB0006699A6 /* UserCell.h */ = {isa = PBXFileReference; lastKnownFileType = sourcecode.c.h; path = UserCell.h; sourceTree = "<group>"; };
		AACE3C2A269CDBB0006699A6 /* UserCell.m */ = {isa = PBXFileReference; lastKnownFileType = sourcecode.c.objc; path = UserCell.m; sourceTree = "<group>"; };
		AACE3C2C269CE1D7006699A6 /* PostCell.h */ = {isa = PBXFileReference; lastKnownFileType = sourcecode.c.h; path = PostCell.h; sourceTree = "<group>"; };
		AACE3C2D269CE1D7006699A6 /* PostCell.m */ = {isa = PBXFileReference; lastKnownFileType = sourcecode.c.objc; path = PostCell.m; sourceTree = "<group>"; };
		AACE3C2F269CF0D1006699A6 /* Keys.plist */ = {isa = PBXFileReference; lastKnownFileType = text.plist.xml; path = Keys.plist; sourceTree = "<group>"; };
		AACE3C33269E074F006699A6 /* APIManager.h */ = {isa = PBXFileReference; lastKnownFileType = sourcecode.c.h; path = APIManager.h; sourceTree = "<group>"; };
		AACE3C34269E074F006699A6 /* APIManager.m */ = {isa = PBXFileReference; lastKnownFileType = sourcecode.c.objc; path = APIManager.m; sourceTree = "<group>"; };
		AACE3C36269E088A006699A6 /* SpotifyLoginViewController.h */ = {isa = PBXFileReference; lastKnownFileType = sourcecode.c.h; path = SpotifyLoginViewController.h; sourceTree = "<group>"; };
		AACE3C37269E088A006699A6 /* SpotifyLoginViewController.m */ = {isa = PBXFileReference; lastKnownFileType = sourcecode.c.objc; path = SpotifyLoginViewController.m; sourceTree = "<group>"; };
		AACE3C39269E08D7006699A6 /* WebKit.framework */ = {isa = PBXFileReference; lastKnownFileType = wrapper.framework; name = WebKit.framework; path = System/Library/Frameworks/WebKit.framework; sourceTree = SDKROOT; };
		AACE3C3B269E0B62006699A6 /* SpotifyLoginView.h */ = {isa = PBXFileReference; lastKnownFileType = sourcecode.c.h; path = SpotifyLoginView.h; sourceTree = "<group>"; };
		AACE3C3C269E0B62006699A6 /* SpotifyLoginView.m */ = {isa = PBXFileReference; lastKnownFileType = sourcecode.c.objc; path = SpotifyLoginView.m; sourceTree = "<group>"; };
		DC0B7B4630C79D64309DECA7 /* Pods_FBUOriginalAppTests.framework */ = {isa = PBXFileReference; explicitFileType = wrapper.framework; includeInIndex = 0; path = Pods_FBUOriginalAppTests.framework; sourceTree = BUILT_PRODUCTS_DIR; };
		E786334F2D666B89D293C5D7 /* Pods-FBUOriginalApp-FBUOriginalAppUITests.release.xcconfig */ = {isa = PBXFileReference; includeInIndex = 1; lastKnownFileType = text.xcconfig; name = "Pods-FBUOriginalApp-FBUOriginalAppUITests.release.xcconfig"; path = "Target Support Files/Pods-FBUOriginalApp-FBUOriginalAppUITests/Pods-FBUOriginalApp-FBUOriginalAppUITests.release.xcconfig"; sourceTree = "<group>"; };
		F5A1FBDF497959AB770B88A6 /* Pods_FBUOriginalApp_FBUOriginalAppUITests.framework */ = {isa = PBXFileReference; explicitFileType = wrapper.framework; includeInIndex = 0; path = Pods_FBUOriginalApp_FBUOriginalAppUITests.framework; sourceTree = BUILT_PRODUCTS_DIR; };
/* End PBXFileReference section */

/* Begin PBXFrameworksBuildPhase section */
		AACE3BBB269C7ECA006699A6 /* Frameworks */ = {
			isa = PBXFrameworksBuildPhase;
			buildActionMask = 2147483647;
			files = (
				AACE3C3A269E08D7006699A6 /* WebKit.framework in Frameworks */,
				994D8A601720A034AFD160B2 /* Pods_FBUOriginalApp.framework in Frameworks */,
			);
			runOnlyForDeploymentPostprocessing = 0;
		};
		AACE3BD6269C7ECC006699A6 /* Frameworks */ = {
			isa = PBXFrameworksBuildPhase;
			buildActionMask = 2147483647;
			files = (
				8ADE0F6C938C62428BBAC257 /* Pods_FBUOriginalAppTests.framework in Frameworks */,
			);
			runOnlyForDeploymentPostprocessing = 0;
		};
		AACE3BE1269C7ECC006699A6 /* Frameworks */ = {
			isa = PBXFrameworksBuildPhase;
			buildActionMask = 2147483647;
			files = (
				9782A941F906F5487E5E7C03 /* Pods_FBUOriginalApp_FBUOriginalAppUITests.framework in Frameworks */,
			);
			runOnlyForDeploymentPostprocessing = 0;
		};
/* End PBXFrameworksBuildPhase section */

/* Begin PBXGroup section */
		85340CBFA487AA2AD4CCF69E /* Frameworks */ = {
			isa = PBXGroup;
			children = (
				AACE3C39269E08D7006699A6 /* WebKit.framework */,
				3D92B9053C1B5778E9E7F2F2 /* Pods_FBUOriginalApp.framework */,
				F5A1FBDF497959AB770B88A6 /* Pods_FBUOriginalApp_FBUOriginalAppUITests.framework */,
				DC0B7B4630C79D64309DECA7 /* Pods_FBUOriginalAppTests.framework */,
			);
			name = Frameworks;
			sourceTree = "<group>";
		};
		8EE75CF6364699325F7B580D /* Pods */ = {
			isa = PBXGroup;
			children = (
				440D38969DDAE557A1BD50FA /* Pods-FBUOriginalApp.debug.xcconfig */,
				68A040812F29B15A12B7A1FB /* Pods-FBUOriginalApp.release.xcconfig */,
				77238B195911A5271A821630 /* Pods-FBUOriginalApp-FBUOriginalAppUITests.debug.xcconfig */,
				E786334F2D666B89D293C5D7 /* Pods-FBUOriginalApp-FBUOriginalAppUITests.release.xcconfig */,
				212DBCA295AEFB8334289803 /* Pods-FBUOriginalAppTests.debug.xcconfig */,
				14F9F1CF1156E2E7589307A7 /* Pods-FBUOriginalAppTests.release.xcconfig */,
			);
			path = Pods;
			sourceTree = "<group>";
		};
		AACE3BB5269C7ECA006699A6 = {
			isa = PBXGroup;
			children = (
				AACE3BC0269C7ECB006699A6 /* FBUOriginalApp */,
				AACE3BDC269C7ECC006699A6 /* FBUOriginalAppTests */,
				AACE3BE7269C7ECC006699A6 /* FBUOriginalAppUITests */,
				AACE3BBF269C7ECB006699A6 /* Products */,
				8EE75CF6364699325F7B580D /* Pods */,
				85340CBFA487AA2AD4CCF69E /* Frameworks */,
			);
			sourceTree = "<group>";
		};
		AACE3BBF269C7ECB006699A6 /* Products */ = {
			isa = PBXGroup;
			children = (
				AACE3BBE269C7ECB006699A6 /* FBUOriginalApp.app */,
				AACE3BD9269C7ECC006699A6 /* FBUOriginalAppTests.xctest */,
				AACE3BE4269C7ECC006699A6 /* FBUOriginalAppUITests.xctest */,
			);
			name = Products;
			sourceTree = "<group>";
		};
		AACE3BC0269C7ECB006699A6 /* FBUOriginalApp */ = {
			isa = PBXGroup;
			children = (
				AACE3C32269DECED006699A6 /* API */,
				AACE3BF8269CA95C006699A6 /* View Controllers */,
				AACE3BF7269CA8F0006699A6 /* Models */,
				AACE3BF6269CA8EA006699A6 /* Views */,
				AACE3BC1269C7ECB006699A6 /* AppDelegate.h */,
				AACE3BC2269C7ECB006699A6 /* AppDelegate.m */,
				AACE3BC4269C7ECB006699A6 /* SceneDelegate.h */,
				AACE3BC5269C7ECB006699A6 /* SceneDelegate.m */,
				AACE3BCA269C7ECB006699A6 /* Main.storyboard */,
				AACE3BCD269C7ECC006699A6 /* Assets.xcassets */,
				AACE3BCF269C7ECC006699A6 /* LaunchScreen.storyboard */,
				AA57D1DC26A879C3004A2E55 /* MatchingHelper.h */,
				AA57D1DD26A879C3004A2E55 /* MatchingHelper.m */,
				AACE3BD2269C7ECC006699A6 /* Info.plist */,
				AACE3BD3269C7ECC006699A6 /* main.m */,
				AACE3C2F269CF0D1006699A6 /* Keys.plist */,
			);
			path = FBUOriginalApp;
			sourceTree = "<group>";
		};
		AACE3BDC269C7ECC006699A6 /* FBUOriginalAppTests */ = {
			isa = PBXGroup;
			children = (
				AACE3BDD269C7ECC006699A6 /* FBUOriginalAppTests.m */,
				AACE3BDF269C7ECC006699A6 /* Info.plist */,
			);
			path = FBUOriginalAppTests;
			sourceTree = "<group>";
		};
		AACE3BE7269C7ECC006699A6 /* FBUOriginalAppUITests */ = {
			isa = PBXGroup;
			children = (
				AACE3BE8269C7ECC006699A6 /* FBUOriginalAppUITests.m */,
				AACE3BEA269C7ECC006699A6 /* Info.plist */,
			);
			path = FBUOriginalAppUITests;
			sourceTree = "<group>";
		};
		AACE3BF6269CA8EA006699A6 /* Views */ = {
			isa = PBXGroup;
			children = (
				AACE3C11269CAF9C006699A6 /* LoginView.h */,
				AACE3C12269CAF9C006699A6 /* LoginView.m */,
				AACE3C14269CAFA4006699A6 /* SignupView.h */,
				AACE3C15269CAFA4006699A6 /* SignupView.m */,
				AACE3C17269CAFAA006699A6 /* FeedView.h */,
				AACE3C18269CAFAA006699A6 /* FeedView.m */,
				AACE3C1A269CAFB5006699A6 /* UserSearchView.h */,
				AACE3C1B269CAFB5006699A6 /* UserSearchView.m */,
				AACE3C1D269CAFBB006699A6 /* ProfileView.h */,
				AACE3C1E269CAFBB006699A6 /* ProfileView.m */,
				AACE3C20269CAFC1006699A6 /* CreatePostView.h */,
				AACE3C21269CAFC1006699A6 /* CreatePostView.m */,
				AACE3C23269CAFCC006699A6 /* SpotifySearchView.h */,
				AACE3C24269CAFCC006699A6 /* SpotifySearchView.m */,
				AACE3C26269CDB45006699A6 /* SpotifyCell.h */,
				AACE3C27269CDB45006699A6 /* SpotifyCell.m */,
				AACE3C29269CDBB0006699A6 /* UserCell.h */,
				AACE3C2A269CDBB0006699A6 /* UserCell.m */,
				AACE3C2C269CE1D7006699A6 /* PostCell.h */,
				AACE3C2D269CE1D7006699A6 /* PostCell.m */,
				AACE3C3B269E0B62006699A6 /* SpotifyLoginView.h */,
				AACE3C3C269E0B62006699A6 /* SpotifyLoginView.m */,
				AA9D262726B3050E00532061 /* DetailView.h */,
				AA9D262826B3050E00532061 /* DetailView.m */,
				AA9D262D26B35CBF00532061 /* CommentCell.h */,
				AA9D262E26B35CBF00532061 /* CommentCell.m */,
				AA7C9AF826BAEBEE008B9C99 /* UserListView.h */,
				AA7C9AF926BAEBEE008B9C99 /* UserListView.m */,
				AA7C9AFB26BB1AC6008B9C99 /* UserListCell.h */,
				AA7C9AFC26BB1AC6008B9C99 /* UserListCell.m */,
				AA7C9B0126BB3801008B9C99 /* TopicView.h */,
				AA7C9B0226BB3801008B9C99 /* TopicView.m */,
				AA7C9B0426BB3FC2008B9C99 /* TopicPostCell.h */,
				AA7C9B0526BB3FC2008B9C99 /* TopicPostCell.m */,
			);
			path = Views;
			sourceTree = "<group>";
		};
		AACE3BF7269CA8F0006699A6 /* Models */ = {
			isa = PBXGroup;
			children = (
				AA27A347269F350600CF2BC5 /* Post.h */,
				AA27A348269F350600CF2BC5 /* Post.m */,
				AA27A34D269F8B5100CF2BC5 /* Topic.h */,
				AA27A34E269F8B5100CF2BC5 /* Topic.m */,
			);
			path = Models;
			sourceTree = "<group>";
		};
		AACE3BF8269CA95C006699A6 /* View Controllers */ = {
			isa = PBXGroup;
			children = (
				AACE3BF9269CADF4006699A6 /* LoginViewController.h */,
				AACE3BFA269CADF4006699A6 /* LoginViewController.m */,
				AACE3BFC269CAE00006699A6 /* SignupViewController.h */,
				AACE3BFD269CAE00006699A6 /* SignupViewController.m */,
				AACE3BFF269CAE0B006699A6 /* FeedViewController.h */,
				AACE3C00269CAE0B006699A6 /* FeedViewController.m */,
				AACE3C05269CAE1E006699A6 /* ProfileViewController.h */,
				AACE3C06269CAE1E006699A6 /* ProfileViewController.m */,
				AACE3C08269CAE33006699A6 /* UserSearchViewController.h */,
				AACE3C09269CAE33006699A6 /* UserSearchViewController.m */,
				AACE3C0B269CAE39006699A6 /* CreatePostViewController.h */,
				AACE3C0C269CAE39006699A6 /* CreatePostViewController.m */,
				AACE3C0E269CAE78006699A6 /* SpotifySearchViewController.h */,
				AACE3C0F269CAE78006699A6 /* SpotifySearchViewController.m */,
				AACE3C36269E088A006699A6 /* SpotifyLoginViewController.h */,
				AACE3C37269E088A006699A6 /* SpotifyLoginViewController.m */,
				AA9D262A26B3051C00532061 /* DetailViewController.h */,
				AA9D262B26B3051C00532061 /* DetailViewController.m */,
				AA7C9AF526BAEBDF008B9C99 /* UserListViewController.h */,
				AA7C9AF626BAEBDF008B9C99 /* UserListViewController.m */,
				AA7C9AFE26BB37F2008B9C99 /* TopicViewController.h */,
				AA7C9AFF26BB37F2008B9C99 /* TopicViewController.m */,
			);
			path = "View Controllers";
			sourceTree = "<group>";
		};
		AACE3C32269DECED006699A6 /* API */ = {
			isa = PBXGroup;
			children = (
				AACE3C33269E074F006699A6 /* APIManager.h */,
				AACE3C34269E074F006699A6 /* APIManager.m */,
			);
			path = API;
			sourceTree = "<group>";
		};
/* End PBXGroup section */

/* Begin PBXNativeTarget section */
		AACE3BBD269C7ECA006699A6 /* FBUOriginalApp */ = {
			isa = PBXNativeTarget;
			buildConfigurationList = AACE3BED269C7ECC006699A6 /* Build configuration list for PBXNativeTarget "FBUOriginalApp" */;
			buildPhases = (
				F7208D3090CF10E0525D01A6 /* [CP] Check Pods Manifest.lock */,
				AACE3BBA269C7ECA006699A6 /* Sources */,
				AACE3BBB269C7ECA006699A6 /* Frameworks */,
				AACE3BBC269C7ECA006699A6 /* Resources */,
				B8CA2DB0EB48A05BC566EB6A /* [CP] Embed Pods Frameworks */,
			);
			buildRules = (
			);
			dependencies = (
			);
			name = FBUOriginalApp;
			productName = FBUOriginalApp;
			productReference = AACE3BBE269C7ECB006699A6 /* FBUOriginalApp.app */;
			productType = "com.apple.product-type.application";
		};
		AACE3BD8269C7ECC006699A6 /* FBUOriginalAppTests */ = {
			isa = PBXNativeTarget;
			buildConfigurationList = AACE3BF0269C7ECC006699A6 /* Build configuration list for PBXNativeTarget "FBUOriginalAppTests" */;
			buildPhases = (
				BE307457E6E8572A0318FD0B /* [CP] Check Pods Manifest.lock */,
				AACE3BD5269C7ECC006699A6 /* Sources */,
				AACE3BD6269C7ECC006699A6 /* Frameworks */,
				AACE3BD7269C7ECC006699A6 /* Resources */,
			);
			buildRules = (
			);
			dependencies = (
				AACE3BDB269C7ECC006699A6 /* PBXTargetDependency */,
			);
			name = FBUOriginalAppTests;
			productName = FBUOriginalAppTests;
			productReference = AACE3BD9269C7ECC006699A6 /* FBUOriginalAppTests.xctest */;
			productType = "com.apple.product-type.bundle.unit-test";
		};
		AACE3BE3269C7ECC006699A6 /* FBUOriginalAppUITests */ = {
			isa = PBXNativeTarget;
			buildConfigurationList = AACE3BF3269C7ECC006699A6 /* Build configuration list for PBXNativeTarget "FBUOriginalAppUITests" */;
			buildPhases = (
				65F7CD7640433A726F5CA34B /* [CP] Check Pods Manifest.lock */,
				AACE3BE0269C7ECC006699A6 /* Sources */,
				AACE3BE1269C7ECC006699A6 /* Frameworks */,
				AACE3BE2269C7ECC006699A6 /* Resources */,
				360CCF3B3B87818660BE2D13 /* [CP] Embed Pods Frameworks */,
			);
			buildRules = (
			);
			dependencies = (
				AACE3BE6269C7ECC006699A6 /* PBXTargetDependency */,
			);
			name = FBUOriginalAppUITests;
			productName = FBUOriginalAppUITests;
			productReference = AACE3BE4269C7ECC006699A6 /* FBUOriginalAppUITests.xctest */;
			productType = "com.apple.product-type.bundle.ui-testing";
		};
/* End PBXNativeTarget section */

/* Begin PBXProject section */
		AACE3BB6269C7ECA006699A6 /* Project object */ = {
			isa = PBXProject;
			attributes = {
				LastUpgradeCheck = 1250;
				TargetAttributes = {
					AACE3BBD269C7ECA006699A6 = {
						CreatedOnToolsVersion = 12.5.1;
					};
					AACE3BD8269C7ECC006699A6 = {
						CreatedOnToolsVersion = 12.5.1;
						TestTargetID = AACE3BBD269C7ECA006699A6;
					};
					AACE3BE3269C7ECC006699A6 = {
						CreatedOnToolsVersion = 12.5.1;
						TestTargetID = AACE3BBD269C7ECA006699A6;
					};
				};
			};
			buildConfigurationList = AACE3BB9269C7ECA006699A6 /* Build configuration list for PBXProject "FBUOriginalApp" */;
			compatibilityVersion = "Xcode 9.3";
			developmentRegion = en;
			hasScannedForEncodings = 0;
			knownRegions = (
				en,
				Base,
			);
			mainGroup = AACE3BB5269C7ECA006699A6;
			productRefGroup = AACE3BBF269C7ECB006699A6 /* Products */;
			projectDirPath = "";
			projectRoot = "";
			targets = (
				AACE3BBD269C7ECA006699A6 /* FBUOriginalApp */,
				AACE3BD8269C7ECC006699A6 /* FBUOriginalAppTests */,
				AACE3BE3269C7ECC006699A6 /* FBUOriginalAppUITests */,
			);
		};
/* End PBXProject section */

/* Begin PBXResourcesBuildPhase section */
		AACE3BBC269C7ECA006699A6 /* Resources */ = {
			isa = PBXResourcesBuildPhase;
			buildActionMask = 2147483647;
			files = (
				AACE3C30269CF0D1006699A6 /* Keys.plist in Resources */,
				AACE3BD1269C7ECC006699A6 /* LaunchScreen.storyboard in Resources */,
				AACE3BCE269C7ECC006699A6 /* Assets.xcassets in Resources */,
				AACE3BCC269C7ECB006699A6 /* Main.storyboard in Resources */,
			);
			runOnlyForDeploymentPostprocessing = 0;
		};
		AACE3BD7269C7ECC006699A6 /* Resources */ = {
			isa = PBXResourcesBuildPhase;
			buildActionMask = 2147483647;
			files = (
			);
			runOnlyForDeploymentPostprocessing = 0;
		};
		AACE3BE2269C7ECC006699A6 /* Resources */ = {
			isa = PBXResourcesBuildPhase;
			buildActionMask = 2147483647;
			files = (
			);
			runOnlyForDeploymentPostprocessing = 0;
		};
/* End PBXResourcesBuildPhase section */

/* Begin PBXShellScriptBuildPhase section */
		360CCF3B3B87818660BE2D13 /* [CP] Embed Pods Frameworks */ = {
			isa = PBXShellScriptBuildPhase;
			buildActionMask = 2147483647;
			files = (
			);
			inputFileListPaths = (
				"${PODS_ROOT}/Target Support Files/Pods-FBUOriginalApp-FBUOriginalAppUITests/Pods-FBUOriginalApp-FBUOriginalAppUITests-frameworks-${CONFIGURATION}-input-files.xcfilelist",
			);
			name = "[CP] Embed Pods Frameworks";
			outputFileListPaths = (
				"${PODS_ROOT}/Target Support Files/Pods-FBUOriginalApp-FBUOriginalAppUITests/Pods-FBUOriginalApp-FBUOriginalAppUITests-frameworks-${CONFIGURATION}-output-files.xcfilelist",
			);
			runOnlyForDeploymentPostprocessing = 0;
			shellPath = /bin/sh;
			shellScript = "\"${PODS_ROOT}/Target Support Files/Pods-FBUOriginalApp-FBUOriginalAppUITests/Pods-FBUOriginalApp-FBUOriginalAppUITests-frameworks.sh\"\n";
			showEnvVarsInLog = 0;
		};
		65F7CD7640433A726F5CA34B /* [CP] Check Pods Manifest.lock */ = {
			isa = PBXShellScriptBuildPhase;
			buildActionMask = 2147483647;
			files = (
			);
			inputFileListPaths = (
			);
			inputPaths = (
				"${PODS_PODFILE_DIR_PATH}/Podfile.lock",
				"${PODS_ROOT}/Manifest.lock",
			);
			name = "[CP] Check Pods Manifest.lock";
			outputFileListPaths = (
			);
			outputPaths = (
				"$(DERIVED_FILE_DIR)/Pods-FBUOriginalApp-FBUOriginalAppUITests-checkManifestLockResult.txt",
			);
			runOnlyForDeploymentPostprocessing = 0;
			shellPath = /bin/sh;
			shellScript = "diff \"${PODS_PODFILE_DIR_PATH}/Podfile.lock\" \"${PODS_ROOT}/Manifest.lock\" > /dev/null\nif [ $? != 0 ] ; then\n    # print error to STDERR\n    echo \"error: The sandbox is not in sync with the Podfile.lock. Run 'pod install' or update your CocoaPods installation.\" >&2\n    exit 1\nfi\n# This output is used by Xcode 'outputs' to avoid re-running this script phase.\necho \"SUCCESS\" > \"${SCRIPT_OUTPUT_FILE_0}\"\n";
			showEnvVarsInLog = 0;
		};
		B8CA2DB0EB48A05BC566EB6A /* [CP] Embed Pods Frameworks */ = {
			isa = PBXShellScriptBuildPhase;
			buildActionMask = 2147483647;
			files = (
			);
			inputFileListPaths = (
				"${PODS_ROOT}/Target Support Files/Pods-FBUOriginalApp/Pods-FBUOriginalApp-frameworks-${CONFIGURATION}-input-files.xcfilelist",
			);
			name = "[CP] Embed Pods Frameworks";
			outputFileListPaths = (
				"${PODS_ROOT}/Target Support Files/Pods-FBUOriginalApp/Pods-FBUOriginalApp-frameworks-${CONFIGURATION}-output-files.xcfilelist",
			);
			runOnlyForDeploymentPostprocessing = 0;
			shellPath = /bin/sh;
			shellScript = "\"${PODS_ROOT}/Target Support Files/Pods-FBUOriginalApp/Pods-FBUOriginalApp-frameworks.sh\"\n";
			showEnvVarsInLog = 0;
		};
		BE307457E6E8572A0318FD0B /* [CP] Check Pods Manifest.lock */ = {
			isa = PBXShellScriptBuildPhase;
			buildActionMask = 2147483647;
			files = (
			);
			inputFileListPaths = (
			);
			inputPaths = (
				"${PODS_PODFILE_DIR_PATH}/Podfile.lock",
				"${PODS_ROOT}/Manifest.lock",
			);
			name = "[CP] Check Pods Manifest.lock";
			outputFileListPaths = (
			);
			outputPaths = (
				"$(DERIVED_FILE_DIR)/Pods-FBUOriginalAppTests-checkManifestLockResult.txt",
			);
			runOnlyForDeploymentPostprocessing = 0;
			shellPath = /bin/sh;
			shellScript = "diff \"${PODS_PODFILE_DIR_PATH}/Podfile.lock\" \"${PODS_ROOT}/Manifest.lock\" > /dev/null\nif [ $? != 0 ] ; then\n    # print error to STDERR\n    echo \"error: The sandbox is not in sync with the Podfile.lock. Run 'pod install' or update your CocoaPods installation.\" >&2\n    exit 1\nfi\n# This output is used by Xcode 'outputs' to avoid re-running this script phase.\necho \"SUCCESS\" > \"${SCRIPT_OUTPUT_FILE_0}\"\n";
			showEnvVarsInLog = 0;
		};
		F7208D3090CF10E0525D01A6 /* [CP] Check Pods Manifest.lock */ = {
			isa = PBXShellScriptBuildPhase;
			buildActionMask = 2147483647;
			files = (
			);
			inputFileListPaths = (
			);
			inputPaths = (
				"${PODS_PODFILE_DIR_PATH}/Podfile.lock",
				"${PODS_ROOT}/Manifest.lock",
			);
			name = "[CP] Check Pods Manifest.lock";
			outputFileListPaths = (
			);
			outputPaths = (
				"$(DERIVED_FILE_DIR)/Pods-FBUOriginalApp-checkManifestLockResult.txt",
			);
			runOnlyForDeploymentPostprocessing = 0;
			shellPath = /bin/sh;
			shellScript = "diff \"${PODS_PODFILE_DIR_PATH}/Podfile.lock\" \"${PODS_ROOT}/Manifest.lock\" > /dev/null\nif [ $? != 0 ] ; then\n    # print error to STDERR\n    echo \"error: The sandbox is not in sync with the Podfile.lock. Run 'pod install' or update your CocoaPods installation.\" >&2\n    exit 1\nfi\n# This output is used by Xcode 'outputs' to avoid re-running this script phase.\necho \"SUCCESS\" > \"${SCRIPT_OUTPUT_FILE_0}\"\n";
			showEnvVarsInLog = 0;
		};
/* End PBXShellScriptBuildPhase section */

/* Begin PBXSourcesBuildPhase section */
		AACE3BBA269C7ECA006699A6 /* Sources */ = {
			isa = PBXSourcesBuildPhase;
			buildActionMask = 2147483647;
			files = (
				AACE3C22269CAFC1006699A6 /* CreatePostView.m in Sources */,
				AACE3C2B269CDBB0006699A6 /* UserCell.m in Sources */,
				AA9D262926B3050E00532061 /* DetailView.m in Sources */,
				AACE3C0D269CAE39006699A6 /* CreatePostViewController.m in Sources */,
				AA7C9AFD26BB1AC6008B9C99 /* UserListCell.m in Sources */,
				AACE3C1C269CAFB5006699A6 /* UserSearchView.m in Sources */,
				AACE3BFB269CADF4006699A6 /* LoginViewController.m in Sources */,
				AA9D262F26B35CBF00532061 /* CommentCell.m in Sources */,
				AACE3C3D269E0B62006699A6 /* SpotifyLoginView.m in Sources */,
				AACE3C19269CAFAA006699A6 /* FeedView.m in Sources */,
				AA27A349269F350600CF2BC5 /* Post.m in Sources */,
				AACE3C0A269CAE33006699A6 /* UserSearchViewController.m in Sources */,
				AA7C9AF726BAEBDF008B9C99 /* UserListViewController.m in Sources */,
				AACE3C28269CDB45006699A6 /* SpotifyCell.m in Sources */,
				AA27A34F269F8B5100CF2BC5 /* Topic.m in Sources */,
				AACE3BC3269C7ECB006699A6 /* AppDelegate.m in Sources */,
				AACE3C07269CAE1E006699A6 /* ProfileViewController.m in Sources */,
				AACE3C13269CAF9C006699A6 /* LoginView.m in Sources */,
				AACE3C35269E074F006699A6 /* APIManager.m in Sources */,
				AACE3C25269CAFCC006699A6 /* SpotifySearchView.m in Sources */,
				AACE3BD4269C7ECC006699A6 /* main.m in Sources */,
				AACE3BC6269C7ECB006699A6 /* SceneDelegate.m in Sources */,
				AA7C9B0326BB3801008B9C99 /* TopicView.m in Sources */,
				AACE3C1F269CAFBB006699A6 /* ProfileView.m in Sources */,
				AA7C9B0026BB37F2008B9C99 /* TopicViewController.m in Sources */,
				AA7C9AFA26BAEBEE008B9C99 /* UserListView.m in Sources */,
				AACE3C16269CAFA4006699A6 /* SignupView.m in Sources */,
				AACE3C10269CAE78006699A6 /* SpotifySearchViewController.m in Sources */,
				AACE3C01269CAE0B006699A6 /* FeedViewController.m in Sources */,
				AACE3C38269E088A006699A6 /* SpotifyLoginViewController.m in Sources */,
				AACE3BFE269CAE00006699A6 /* SignupViewController.m in Sources */,
				AA7C9B0626BB3FC2008B9C99 /* TopicPostCell.m in Sources */,
				AA57D1DE26A879C3004A2E55 /* MatchingHelper.m in Sources */,
				AACE3C2E269CE1D7006699A6 /* PostCell.m in Sources */,
				AA9D262C26B3051C00532061 /* DetailViewController.m in Sources */,
			);
			runOnlyForDeploymentPostprocessing = 0;
		};
		AACE3BD5269C7ECC006699A6 /* Sources */ = {
			isa = PBXSourcesBuildPhase;
			buildActionMask = 2147483647;
			files = (
				AACE3BDE269C7ECC006699A6 /* FBUOriginalAppTests.m in Sources */,
			);
			runOnlyForDeploymentPostprocessing = 0;
		};
		AACE3BE0269C7ECC006699A6 /* Sources */ = {
			isa = PBXSourcesBuildPhase;
			buildActionMask = 2147483647;
			files = (
				AACE3BE9269C7ECC006699A6 /* FBUOriginalAppUITests.m in Sources */,
			);
			runOnlyForDeploymentPostprocessing = 0;
		};
/* End PBXSourcesBuildPhase section */

/* Begin PBXTargetDependency section */
		AACE3BDB269C7ECC006699A6 /* PBXTargetDependency */ = {
			isa = PBXTargetDependency;
			target = AACE3BBD269C7ECA006699A6 /* FBUOriginalApp */;
			targetProxy = AACE3BDA269C7ECC006699A6 /* PBXContainerItemProxy */;
		};
		AACE3BE6269C7ECC006699A6 /* PBXTargetDependency */ = {
			isa = PBXTargetDependency;
			target = AACE3BBD269C7ECA006699A6 /* FBUOriginalApp */;
			targetProxy = AACE3BE5269C7ECC006699A6 /* PBXContainerItemProxy */;
		};
/* End PBXTargetDependency section */

/* Begin PBXVariantGroup section */
		AACE3BCA269C7ECB006699A6 /* Main.storyboard */ = {
			isa = PBXVariantGroup;
			children = (
				AACE3BCB269C7ECB006699A6 /* Base */,
			);
			name = Main.storyboard;
			sourceTree = "<group>";
		};
		AACE3BCF269C7ECC006699A6 /* LaunchScreen.storyboard */ = {
			isa = PBXVariantGroup;
			children = (
				AACE3BD0269C7ECC006699A6 /* Base */,
			);
			name = LaunchScreen.storyboard;
			sourceTree = "<group>";
		};
/* End PBXVariantGroup section */

/* Begin XCBuildConfiguration section */
		AACE3BEB269C7ECC006699A6 /* Debug */ = {
			isa = XCBuildConfiguration;
			buildSettings = {
				ALWAYS_SEARCH_USER_PATHS = NO;
				CLANG_ANALYZER_NONNULL = YES;
				CLANG_ANALYZER_NUMBER_OBJECT_CONVERSION = YES_AGGRESSIVE;
				CLANG_CXX_LANGUAGE_STANDARD = "gnu++14";
				CLANG_CXX_LIBRARY = "libc++";
				CLANG_ENABLE_MODULES = YES;
				CLANG_ENABLE_OBJC_ARC = YES;
				CLANG_ENABLE_OBJC_WEAK = YES;
				CLANG_WARN_BLOCK_CAPTURE_AUTORELEASING = YES;
				CLANG_WARN_BOOL_CONVERSION = YES;
				CLANG_WARN_COMMA = YES;
				CLANG_WARN_CONSTANT_CONVERSION = YES;
				CLANG_WARN_DEPRECATED_OBJC_IMPLEMENTATIONS = YES;
				CLANG_WARN_DIRECT_OBJC_ISA_USAGE = YES_ERROR;
				CLANG_WARN_DOCUMENTATION_COMMENTS = YES;
				CLANG_WARN_EMPTY_BODY = YES;
				CLANG_WARN_ENUM_CONVERSION = YES;
				CLANG_WARN_INFINITE_RECURSION = YES;
				CLANG_WARN_INT_CONVERSION = YES;
				CLANG_WARN_NON_LITERAL_NULL_CONVERSION = YES;
				CLANG_WARN_OBJC_IMPLICIT_RETAIN_SELF = YES;
				CLANG_WARN_OBJC_LITERAL_CONVERSION = YES;
				CLANG_WARN_OBJC_ROOT_CLASS = YES_ERROR;
				CLANG_WARN_QUOTED_INCLUDE_IN_FRAMEWORK_HEADER = YES;
				CLANG_WARN_RANGE_LOOP_ANALYSIS = YES;
				CLANG_WARN_STRICT_PROTOTYPES = YES;
				CLANG_WARN_SUSPICIOUS_MOVE = YES;
				CLANG_WARN_UNGUARDED_AVAILABILITY = YES_AGGRESSIVE;
				CLANG_WARN_UNREACHABLE_CODE = YES;
				CLANG_WARN__DUPLICATE_METHOD_MATCH = YES;
				COPY_PHASE_STRIP = NO;
				DEBUG_INFORMATION_FORMAT = dwarf;
				ENABLE_STRICT_OBJC_MSGSEND = YES;
				ENABLE_TESTABILITY = YES;
				GCC_C_LANGUAGE_STANDARD = gnu11;
				GCC_DYNAMIC_NO_PIC = NO;
				GCC_NO_COMMON_BLOCKS = YES;
				GCC_OPTIMIZATION_LEVEL = 0;
				GCC_PREPROCESSOR_DEFINITIONS = (
					"DEBUG=1",
					"$(inherited)",
				);
				GCC_WARN_64_TO_32_BIT_CONVERSION = YES;
				GCC_WARN_ABOUT_RETURN_TYPE = YES_ERROR;
				GCC_WARN_UNDECLARED_SELECTOR = YES;
				GCC_WARN_UNINITIALIZED_AUTOS = YES_AGGRESSIVE;
				GCC_WARN_UNUSED_FUNCTION = YES;
				GCC_WARN_UNUSED_VARIABLE = YES;
				IPHONEOS_DEPLOYMENT_TARGET = 14.5;
				MTL_ENABLE_DEBUG_INFO = INCLUDE_SOURCE;
				MTL_FAST_MATH = YES;
				ONLY_ACTIVE_ARCH = YES;
				SDKROOT = iphoneos;
			};
			name = Debug;
		};
		AACE3BEC269C7ECC006699A6 /* Release */ = {
			isa = XCBuildConfiguration;
			buildSettings = {
				ALWAYS_SEARCH_USER_PATHS = NO;
				CLANG_ANALYZER_NONNULL = YES;
				CLANG_ANALYZER_NUMBER_OBJECT_CONVERSION = YES_AGGRESSIVE;
				CLANG_CXX_LANGUAGE_STANDARD = "gnu++14";
				CLANG_CXX_LIBRARY = "libc++";
				CLANG_ENABLE_MODULES = YES;
				CLANG_ENABLE_OBJC_ARC = YES;
				CLANG_ENABLE_OBJC_WEAK = YES;
				CLANG_WARN_BLOCK_CAPTURE_AUTORELEASING = YES;
				CLANG_WARN_BOOL_CONVERSION = YES;
				CLANG_WARN_COMMA = YES;
				CLANG_WARN_CONSTANT_CONVERSION = YES;
				CLANG_WARN_DEPRECATED_OBJC_IMPLEMENTATIONS = YES;
				CLANG_WARN_DIRECT_OBJC_ISA_USAGE = YES_ERROR;
				CLANG_WARN_DOCUMENTATION_COMMENTS = YES;
				CLANG_WARN_EMPTY_BODY = YES;
				CLANG_WARN_ENUM_CONVERSION = YES;
				CLANG_WARN_INFINITE_RECURSION = YES;
				CLANG_WARN_INT_CONVERSION = YES;
				CLANG_WARN_NON_LITERAL_NULL_CONVERSION = YES;
				CLANG_WARN_OBJC_IMPLICIT_RETAIN_SELF = YES;
				CLANG_WARN_OBJC_LITERAL_CONVERSION = YES;
				CLANG_WARN_OBJC_ROOT_CLASS = YES_ERROR;
				CLANG_WARN_QUOTED_INCLUDE_IN_FRAMEWORK_HEADER = YES;
				CLANG_WARN_RANGE_LOOP_ANALYSIS = YES;
				CLANG_WARN_STRICT_PROTOTYPES = YES;
				CLANG_WARN_SUSPICIOUS_MOVE = YES;
				CLANG_WARN_UNGUARDED_AVAILABILITY = YES_AGGRESSIVE;
				CLANG_WARN_UNREACHABLE_CODE = YES;
				CLANG_WARN__DUPLICATE_METHOD_MATCH = YES;
				COPY_PHASE_STRIP = NO;
				DEBUG_INFORMATION_FORMAT = "dwarf-with-dsym";
				ENABLE_NS_ASSERTIONS = NO;
				ENABLE_STRICT_OBJC_MSGSEND = YES;
				GCC_C_LANGUAGE_STANDARD = gnu11;
				GCC_NO_COMMON_BLOCKS = YES;
				GCC_WARN_64_TO_32_BIT_CONVERSION = YES;
				GCC_WARN_ABOUT_RETURN_TYPE = YES_ERROR;
				GCC_WARN_UNDECLARED_SELECTOR = YES;
				GCC_WARN_UNINITIALIZED_AUTOS = YES_AGGRESSIVE;
				GCC_WARN_UNUSED_FUNCTION = YES;
				GCC_WARN_UNUSED_VARIABLE = YES;
				IPHONEOS_DEPLOYMENT_TARGET = 14.5;
				MTL_ENABLE_DEBUG_INFO = NO;
				MTL_FAST_MATH = YES;
				SDKROOT = iphoneos;
				VALIDATE_PRODUCT = YES;
			};
			name = Release;
		};
		AACE3BEE269C7ECC006699A6 /* Debug */ = {
			isa = XCBuildConfiguration;
			baseConfigurationReference = 440D38969DDAE557A1BD50FA /* Pods-FBUOriginalApp.debug.xcconfig */;
			buildSettings = {
				ASSETCATALOG_COMPILER_APPICON_NAME = AppIcon;
				ASSETCATALOG_COMPILER_GLOBAL_ACCENT_COLOR_NAME = AccentColor;
				CODE_SIGN_STYLE = Automatic;
				DEVELOPMENT_TEAM = M8SJW5PWA7;
				INFOPLIST_FILE = FBUOriginalApp/Info.plist;
				LD_RUNPATH_SEARCH_PATHS = (
					"$(inherited)",
					"@executable_path/Frameworks",
				);
				PRODUCT_BUNDLE_IDENTIFIER = com.maryjiang2020.FBUOriginalApp;
				PRODUCT_NAME = "$(TARGET_NAME)";
				TARGETED_DEVICE_FAMILY = "1,2";
			};
			name = Debug;
		};
		AACE3BEF269C7ECC006699A6 /* Release */ = {
			isa = XCBuildConfiguration;
			baseConfigurationReference = 68A040812F29B15A12B7A1FB /* Pods-FBUOriginalApp.release.xcconfig */;
			buildSettings = {
				ASSETCATALOG_COMPILER_APPICON_NAME = AppIcon;
				ASSETCATALOG_COMPILER_GLOBAL_ACCENT_COLOR_NAME = AccentColor;
				CODE_SIGN_STYLE = Automatic;
				DEVELOPMENT_TEAM = M8SJW5PWA7;
				INFOPLIST_FILE = FBUOriginalApp/Info.plist;
				LD_RUNPATH_SEARCH_PATHS = (
					"$(inherited)",
					"@executable_path/Frameworks",
				);
				PRODUCT_BUNDLE_IDENTIFIER = com.maryjiang2020.FBUOriginalApp;
				PRODUCT_NAME = "$(TARGET_NAME)";
				TARGETED_DEVICE_FAMILY = "1,2";
			};
			name = Release;
		};
		AACE3BF1269C7ECC006699A6 /* Debug */ = {
			isa = XCBuildConfiguration;
			baseConfigurationReference = 212DBCA295AEFB8334289803 /* Pods-FBUOriginalAppTests.debug.xcconfig */;
			buildSettings = {
				BUNDLE_LOADER = "$(TEST_HOST)";
				CODE_SIGN_STYLE = Automatic;
				DEVELOPMENT_TEAM = M8SJW5PWA7;
				INFOPLIST_FILE = FBUOriginalAppTests/Info.plist;
				IPHONEOS_DEPLOYMENT_TARGET = 14.5;
				LD_RUNPATH_SEARCH_PATHS = (
					"$(inherited)",
					"@executable_path/Frameworks",
					"@loader_path/Frameworks",
				);
				PRODUCT_BUNDLE_IDENTIFIER = com.maryjiang2020.FBUOriginalAppTests;
				PRODUCT_NAME = "$(TARGET_NAME)";
				TARGETED_DEVICE_FAMILY = "1,2";
				TEST_HOST = "$(BUILT_PRODUCTS_DIR)/FBUOriginalApp.app/FBUOriginalApp";
			};
			name = Debug;
		};
		AACE3BF2269C7ECC006699A6 /* Release */ = {
			isa = XCBuildConfiguration;
			baseConfigurationReference = 14F9F1CF1156E2E7589307A7 /* Pods-FBUOriginalAppTests.release.xcconfig */;
			buildSettings = {
				BUNDLE_LOADER = "$(TEST_HOST)";
				CODE_SIGN_STYLE = Automatic;
				DEVELOPMENT_TEAM = M8SJW5PWA7;
				INFOPLIST_FILE = FBUOriginalAppTests/Info.plist;
				IPHONEOS_DEPLOYMENT_TARGET = 14.5;
				LD_RUNPATH_SEARCH_PATHS = (
					"$(inherited)",
					"@executable_path/Frameworks",
					"@loader_path/Frameworks",
				);
				PRODUCT_BUNDLE_IDENTIFIER = com.maryjiang2020.FBUOriginalAppTests;
				PRODUCT_NAME = "$(TARGET_NAME)";
				TARGETED_DEVICE_FAMILY = "1,2";
				TEST_HOST = "$(BUILT_PRODUCTS_DIR)/FBUOriginalApp.app/FBUOriginalApp";
			};
			name = Release;
		};
		AACE3BF4269C7ECC006699A6 /* Debug */ = {
			isa = XCBuildConfiguration;
			baseConfigurationReference = 77238B195911A5271A821630 /* Pods-FBUOriginalApp-FBUOriginalAppUITests.debug.xcconfig */;
			buildSettings = {
				CODE_SIGN_STYLE = Automatic;
				DEVELOPMENT_TEAM = M8SJW5PWA7;
				INFOPLIST_FILE = FBUOriginalAppUITests/Info.plist;
				LD_RUNPATH_SEARCH_PATHS = (
					"$(inherited)",
					"@executable_path/Frameworks",
					"@loader_path/Frameworks",
				);
				PRODUCT_BUNDLE_IDENTIFIER = com.maryjiang2020.FBUOriginalAppUITests;
				PRODUCT_NAME = "$(TARGET_NAME)";
				TARGETED_DEVICE_FAMILY = "1,2";
				TEST_TARGET_NAME = FBUOriginalApp;
			};
			name = Debug;
		};
		AACE3BF5269C7ECC006699A6 /* Release */ = {
			isa = XCBuildConfiguration;
			baseConfigurationReference = E786334F2D666B89D293C5D7 /* Pods-FBUOriginalApp-FBUOriginalAppUITests.release.xcconfig */;
			buildSettings = {
				CODE_SIGN_STYLE = Automatic;
				DEVELOPMENT_TEAM = M8SJW5PWA7;
				INFOPLIST_FILE = FBUOriginalAppUITests/Info.plist;
				LD_RUNPATH_SEARCH_PATHS = (
					"$(inherited)",
					"@executable_path/Frameworks",
					"@loader_path/Frameworks",
				);
				PRODUCT_BUNDLE_IDENTIFIER = com.maryjiang2020.FBUOriginalAppUITests;
				PRODUCT_NAME = "$(TARGET_NAME)";
				TARGETED_DEVICE_FAMILY = "1,2";
				TEST_TARGET_NAME = FBUOriginalApp;
			};
			name = Release;
		};
/* End XCBuildConfiguration section */

/* Begin XCConfigurationList section */
		AACE3BB9269C7ECA006699A6 /* Build configuration list for PBXProject "FBUOriginalApp" */ = {
			isa = XCConfigurationList;
			buildConfigurations = (
				AACE3BEB269C7ECC006699A6 /* Debug */,
				AACE3BEC269C7ECC006699A6 /* Release */,
			);
			defaultConfigurationIsVisible = 0;
			defaultConfigurationName = Release;
		};
		AACE3BED269C7ECC006699A6 /* Build configuration list for PBXNativeTarget "FBUOriginalApp" */ = {
			isa = XCConfigurationList;
			buildConfigurations = (
				AACE3BEE269C7ECC006699A6 /* Debug */,
				AACE3BEF269C7ECC006699A6 /* Release */,
			);
			defaultConfigurationIsVisible = 0;
			defaultConfigurationName = Release;
		};
		AACE3BF0269C7ECC006699A6 /* Build configuration list for PBXNativeTarget "FBUOriginalAppTests" */ = {
			isa = XCConfigurationList;
			buildConfigurations = (
				AACE3BF1269C7ECC006699A6 /* Debug */,
				AACE3BF2269C7ECC006699A6 /* Release */,
			);
			defaultConfigurationIsVisible = 0;
			defaultConfigurationName = Release;
		};
		AACE3BF3269C7ECC006699A6 /* Build configuration list for PBXNativeTarget "FBUOriginalAppUITests" */ = {
			isa = XCConfigurationList;
			buildConfigurations = (
				AACE3BF4269C7ECC006699A6 /* Debug */,
				AACE3BF5269C7ECC006699A6 /* Release */,
			);
			defaultConfigurationIsVisible = 0;
			defaultConfigurationName = Release;
		};
/* End XCConfigurationList section */
	};
	rootObject = AACE3BB6269C7ECA006699A6 /* Project object */;
}
